
Microsoft Visual Studio Solution File, Format Version 12.00
# Visual Studio 15
VisualStudioVersion = 15.0.27703.2026
MinimumVisualStudioVersion = 10.0.40219.1
Project("{8BC9CEB8-8B4A-11D0-8D11-00A0C91BC942}") = "zadanie", "zadanie\zadanie.vcxproj", "{D92CA26D-88BA-412A-8E80-6EF8D5EEF35A}"
EndProject
Global
	GlobalSection(SolutionConfigurationPlatforms) = preSolution
		Debug|x64 = Debug|x64
		Debug|x86 = Debug|x86
		Release|x64 = Release|x64
		Release|x86 = Release|x86
	EndGlobalSection
	GlobalSection(ProjectConfigurationPlatforms) = postSolution
		{D92CA26D-88BA-412A-8E80-6EF8D5EEF35A}.Debug|x64.ActiveCfg = Debug|x64
		{D92CA26D-88BA-412A-8E80-6EF8D5EEF35A}.Debug|x64.Build.0 = Debug|x64
		{D92CA26D-88BA-412A-8E80-6EF8D5EEF35A}.Debug|x86.ActiveCfg = Debug|Win32
		{D92CA26D-88BA-412A-8E80-6EF8D5EEF35A}.Debug|x86.Build.0 = Debug|Win32
		{D92CA26D-88BA-412A-8E80-6EF8D5EEF35A}.Release|x64.ActiveCfg = Release|x64
		{D92CA26D-88BA-412A-8E80-6EF8D5EEF35A}.Release|x64.Build.0 = Release|x64
		{D92CA26D-88BA-412A-8E80-6EF8D5EEF35A}.Release|x86.ActiveCfg = Release|Win32
		{D92CA26D-88BA-412A-8E80-6EF8D5EEF35A}.Release|x86.Build.0 = Release|Win32
	EndGlobalSection
	GlobalSection(SolutionProperties) = preSolution
		HideSolutionNode = FALSE
	EndGlobalSection
	GlobalSection(ExtensibilityGlobals) = postSolution
		SolutionGuid = {33737FFA-1897-43A8-8FA8-D08E234D69B6}
	EndGlobalSection
EndGlobal
